// !$*UTF8*$!
{
	archiveVersion = 1;
	classes = {
	};
	objectVersion = 55;
	objects = {

/* Begin PBXBuildFile section */
		CE5B74E72816E33A001EDDAB /* ForgotPasswordViewController.swift in Sources */ = {isa = PBXBuildFile; fileRef = CE5B74E62816E33A001EDDAB /* ForgotPasswordViewController.swift */; };
		CE7C3B6B2810597100B702C1 /* AppDelegate.swift in Sources */ = {isa = PBXBuildFile; fileRef = CE7C3B6A2810597100B702C1 /* AppDelegate.swift */; };
		CE7C3B6D2810597100B702C1 /* SceneDelegate.swift in Sources */ = {isa = PBXBuildFile; fileRef = CE7C3B6C2810597100B702C1 /* SceneDelegate.swift */; };
		CE7C3B6F2810597100B702C1 /* ViewController.swift in Sources */ = {isa = PBXBuildFile; fileRef = CE7C3B6E2810597100B702C1 /* ViewController.swift */; };
		CE7C3B742810597300B702C1 /* Assets.xcassets in Resources */ = {isa = PBXBuildFile; fileRef = CE7C3B732810597300B702C1 /* Assets.xcassets */; };
		CE7C3B772810597300B702C1 /* LaunchScreen.storyboard in Resources */ = {isa = PBXBuildFile; fileRef = CE7C3B752810597300B702C1 /* LaunchScreen.storyboard */; };
		CE7C3B8528105AE600B702C1 /* IdentityProfile.swift in Sources */ = {isa = PBXBuildFile; fileRef = CE7C3B8428105AE600B702C1 /* IdentityProfile.swift */; };
		CE7C3B8728105D4000B702C1 /* Appsettings.swift in Sources */ = {isa = PBXBuildFile; fileRef = CE7C3B8628105D4000B702C1 /* Appsettings.swift */; };
		CE7C3B8B2810602500B702C1 /* LoginView.xib in Resources */ = {isa = PBXBuildFile; fileRef = CE7C3B8A2810602500B702C1 /* LoginView.xib */; };
		CE7C3B912810890A00B702C1 /* RegistrationViewController.swift in Sources */ = {isa = PBXBuildFile; fileRef = CE7C3B902810890A00B702C1 /* RegistrationViewController.swift */; };
		CE7C3B942810896500B702C1 /* LoginViewController.swift in Sources */ = {isa = PBXBuildFile; fileRef = CE7C3B932810896500B702C1 /* LoginViewController.swift */; };
		CEC56E1F28293ABB00026362 /* RegistrationScreenView.xib in Resources */ = {isa = PBXBuildFile; fileRef = CEC56E1E28293ABB00026362 /* RegistrationScreenView.xib */; };
		CEC56E212829951900026362 /* IdentityProfileManager.swift in Sources */ = {isa = PBXBuildFile; fileRef = CEC56E202829951900026362 /* IdentityProfileManager.swift */; };
		CED16C6C2819B09F00BA6D19 /* HomeView.xib in Resources */ = {isa = PBXBuildFile; fileRef = CED16C6B2819B09F00BA6D19 /* HomeView.xib */; };
		CED16C6E2819B23C00BA6D19 /* HomeViewController.swift in Sources */ = {isa = PBXBuildFile; fileRef = CED16C6D2819B23C00BA6D19 /* HomeViewController.swift */; };
		CED16C722819DFA600BA6D19 /* Alerts.swift in Sources */ = {isa = PBXBuildFile; fileRef = CED16C712819DFA600BA6D19 /* Alerts.swift */; };
/* End PBXBuildFile section */

/* Begin PBXFileReference section */
		CE5B74E62816E33A001EDDAB /* ForgotPasswordViewController.swift */ = {isa = PBXFileReference; lastKnownFileType = sourcecode.swift; path = ForgotPasswordViewController.swift; sourceTree = "<group>"; };
		CE7C3B672810597100B702C1 /* frags.app */ = {isa = PBXFileReference; explicitFileType = wrapper.application; includeInIndex = 0; path = frags.app; sourceTree = BUILT_PRODUCTS_DIR; };
		CE7C3B6A2810597100B702C1 /* AppDelegate.swift */ = {isa = PBXFileReference; lastKnownFileType = sourcecode.swift; path = AppDelegate.swift; sourceTree = "<group>"; };
		CE7C3B6C2810597100B702C1 /* SceneDelegate.swift */ = {isa = PBXFileReference; lastKnownFileType = sourcecode.swift; path = SceneDelegate.swift; sourceTree = "<group>"; };
		CE7C3B6E2810597100B702C1 /* ViewController.swift */ = {isa = PBXFileReference; lastKnownFileType = sourcecode.swift; path = ViewController.swift; sourceTree = "<group>"; };
		CE7C3B732810597300B702C1 /* Assets.xcassets */ = {isa = PBXFileReference; lastKnownFileType = folder.assetcatalog; path = Assets.xcassets; sourceTree = "<group>"; };
		CE7C3B762810597300B702C1 /* Base */ = {isa = PBXFileReference; lastKnownFileType = file.storyboard; name = Base; path = Base.lproj/LaunchScreen.storyboard; sourceTree = "<group>"; };
		CE7C3B782810597300B702C1 /* Info.plist */ = {isa = PBXFileReference; lastKnownFileType = text.plist.xml; path = Info.plist; sourceTree = "<group>"; };
		CE7C3B8428105AE600B702C1 /* IdentityProfile.swift */ = {isa = PBXFileReference; lastKnownFileType = sourcecode.swift; path = IdentityProfile.swift; sourceTree = "<group>"; };
		CE7C3B8628105D4000B702C1 /* Appsettings.swift */ = {isa = PBXFileReference; lastKnownFileType = sourcecode.swift; path = Appsettings.swift; sourceTree = "<group>"; };
		CE7C3B8A2810602500B702C1 /* LoginView.xib */ = {isa = PBXFileReference; lastKnownFileType = file.xib; path = LoginView.xib; sourceTree = "<group>"; };
		CE7C3B902810890A00B702C1 /* RegistrationViewController.swift */ = {isa = PBXFileReference; lastKnownFileType = sourcecode.swift; path = RegistrationViewController.swift; sourceTree = "<group>"; };
		CE7C3B932810896500B702C1 /* LoginViewController.swift */ = {isa = PBXFileReference; lastKnownFileType = sourcecode.swift; path = LoginViewController.swift; sourceTree = "<group>"; };
		CEC56E1E28293ABB00026362 /* RegistrationScreenView.xib */ = {isa = PBXFileReference; lastKnownFileType = file.xib; path = RegistrationScreenView.xib; sourceTree = "<group>"; };
		CEC56E202829951900026362 /* IdentityProfileManager.swift */ = {isa = PBXFileReference; lastKnownFileType = sourcecode.swift; path = IdentityProfileManager.swift; sourceTree = "<group>"; };
		CED16C6B2819B09F00BA6D19 /* HomeView.xib */ = {isa = PBXFileReference; lastKnownFileType = file.xib; path = HomeView.xib; sourceTree = "<group>"; };
		CED16C6D2819B23C00BA6D19 /* HomeViewController.swift */ = {isa = PBXFileReference; lastKnownFileType = sourcecode.swift; path = HomeViewController.swift; sourceTree = "<group>"; };
		CED16C712819DFA600BA6D19 /* Alerts.swift */ = {isa = PBXFileReference; lastKnownFileType = sourcecode.swift; path = Alerts.swift; sourceTree = "<group>"; };
/* End PBXFileReference section */

/* Begin PBXFrameworksBuildPhase section */
		CE7C3B642810597100B702C1 /* Frameworks */ = {
			isa = PBXFrameworksBuildPhase;
			buildActionMask = 2147483647;
			files = (
			);
			runOnlyForDeploymentPostprocessing = 0;
		};
/* End PBXFrameworksBuildPhase section */

/* Begin PBXGroup section */
		CE069896281AFBE7001D2445 /* Modal */ = {
			isa = PBXGroup;
			children = (
				CE7C3B8428105AE600B702C1 /* IdentityProfile.swift */,
				CEC56E202829951900026362 /* IdentityProfileManager.swift */,
			);
			path = Modal;
			sourceTree = "<group>";
		};
		CE7C3B5E2810597100B702C1 = {
			isa = PBXGroup;
			children = (
				CE7C3B692810597100B702C1 /* frags */,
				CE7C3B682810597100B702C1 /* Products */,
			);
			sourceTree = "<group>";
		};
		CE7C3B682810597100B702C1 /* Products */ = {
			isa = PBXGroup;
			children = (
				CE7C3B672810597100B702C1 /* frags.app */,
			);
			name = Products;
			sourceTree = "<group>";
		};
		CE7C3B692810597100B702C1 /* frags */ = {
			isa = PBXGroup;
			children = (
				CE069896281AFBE7001D2445 /* Modal */,
				CED16C702819DF6000BA6D19 /* Helpers */,
				CE7C3B7F281059BB00B702C1 /* Main */,
				CE7C3B7E281059A400B702C1 /* Scenes */,
				CE7C3B6E2810597100B702C1 /* ViewController.swift */,
				CE7C3B732810597300B702C1 /* Assets.xcassets */,
				CE7C3B752810597300B702C1 /* LaunchScreen.storyboard */,
				CE7C3B782810597300B702C1 /* Info.plist */,
			);
			path = frags;
			sourceTree = "<group>";
		};
		CE7C3B7E281059A400B702C1 /* Scenes */ = {
			isa = PBXGroup;
			children = (
				CED16C6A2819B05F00BA6D19 /* User */,
				CED16C692819B04500BA6D19 /* ServiceProvider */,
				CE7C3B8328105AA200B702C1 /* Login */,
			);
			path = Scenes;
			sourceTree = "<group>";
		};
		CE7C3B7F281059BB00B702C1 /* Main */ = {
			isa = PBXGroup;
			children = (
				CE7C3B6C2810597100B702C1 /* SceneDelegate.swift */,
				CE7C3B6A2810597100B702C1 /* AppDelegate.swift */,
			);
			path = Main;
			sourceTree = "<group>";
		};
		CE7C3B8328105AA200B702C1 /* Login */ = {
			isa = PBXGroup;
			children = (
				CE7C3B902810890A00B702C1 /* RegistrationViewController.swift */,
				CEC56E1E28293ABB00026362 /* RegistrationScreenView.xib */,
				CED16C6B2819B09F00BA6D19 /* HomeView.xib */,
				CED16C6D2819B23C00BA6D19 /* HomeViewController.swift */,
				CE7C3B8A2810602500B702C1 /* LoginView.xib */,
				CE5B74E62816E33A001EDDAB /* ForgotPasswordViewController.swift */,
				CE7C3B932810896500B702C1 /* LoginViewController.swift */,
			);
			path = Login;
			sourceTree = "<group>";
		};
		CED16C692819B04500BA6D19 /* ServiceProvider */ = {
			isa = PBXGroup;
			children = (
			);
			path = ServiceProvider;
			sourceTree = "<group>";
		};
		CED16C6A2819B05F00BA6D19 /* User */ = {
			isa = PBXGroup;
			children = (
			);
			path = User;
			sourceTree = "<group>";
		};
		CED16C702819DF6000BA6D19 /* Helpers */ = {
			isa = PBXGroup;
			children = (
				CE7C3B8628105D4000B702C1 /* Appsettings.swift */,
				CED16C712819DFA600BA6D19 /* Alerts.swift */,
			);
			path = Helpers;
			sourceTree = "<group>";
		};
/* End PBXGroup section */

/* Begin PBXNativeTarget section */
		CE7C3B662810597100B702C1 /* frags */ = {
			isa = PBXNativeTarget;
			buildConfigurationList = CE7C3B7B2810597300B702C1 /* Build configuration list for PBXNativeTarget "frags" */;
			buildPhases = (
				CE7C3B632810597100B702C1 /* Sources */,
				CE7C3B642810597100B702C1 /* Frameworks */,
				CE7C3B652810597100B702C1 /* Resources */,
			);
			buildRules = (
			);
			dependencies = (
			);
			name = frags;
			productName = frags;
			productReference = CE7C3B672810597100B702C1 /* frags.app */;
			productType = "com.apple.product-type.application";
		};
/* End PBXNativeTarget section */

/* Begin PBXProject section */
		CE7C3B5F2810597100B702C1 /* Project object */ = {
			isa = PBXProject;
			attributes = {
				BuildIndependentTargetsInParallel = 1;
				LastSwiftUpdateCheck = 1330;
				LastUpgradeCheck = 1330;
				TargetAttributes = {
					CE7C3B662810597100B702C1 = {
						CreatedOnToolsVersion = 13.3.1;
					};
				};
			};
			buildConfigurationList = CE7C3B622810597100B702C1 /* Build configuration list for PBXProject "frags" */;
			compatibilityVersion = "Xcode 13.0";
			developmentRegion = en;
			hasScannedForEncodings = 0;
			knownRegions = (
				en,
				Base,
			);
			mainGroup = CE7C3B5E2810597100B702C1;
			productRefGroup = CE7C3B682810597100B702C1 /* Products */;
			projectDirPath = "";
			projectRoot = "";
			targets = (
				CE7C3B662810597100B702C1 /* frags */,
			);
		};
/* End PBXProject section */

/* Begin PBXResourcesBuildPhase section */
		CE7C3B652810597100B702C1 /* Resources */ = {
			isa = PBXResourcesBuildPhase;
			buildActionMask = 2147483647;
			files = (
				CE7C3B772810597300B702C1 /* LaunchScreen.storyboard in Resources */,
				CE7C3B742810597300B702C1 /* Assets.xcassets in Resources */,
				CEC56E1F28293ABB00026362 /* RegistrationScreenView.xib in Resources */,
				CE7C3B8B2810602500B702C1 /* LoginView.xib in Resources */,
				CED16C6C2819B09F00BA6D19 /* HomeView.xib in Resources */,
			);
			runOnlyForDeploymentPostprocessing = 0;
		};
/* End PBXResourcesBuildPhase section */

/* Begin PBXSourcesBuildPhase section */
		CE7C3B632810597100B702C1 /* Sources */ = {
			isa = PBXSourcesBuildPhase;
			buildActionMask = 2147483647;
			files = (
				CE7C3B8528105AE600B702C1 /* IdentityProfile.swift in Sources */,
				CEC56E212829951900026362 /* IdentityProfileManager.swift in Sources */,
				CE7C3B6F2810597100B702C1 /* ViewController.swift in Sources */,
				CE7C3B6B2810597100B702C1 /* AppDelegate.swift in Sources */,
				CE7C3B942810896500B702C1 /* LoginViewController.swift in Sources */,
				CED16C6E2819B23C00BA6D19 /* HomeViewController.swift in Sources */,
				CE5B74E72816E33A001EDDAB /* ForgotPasswordViewController.swift in Sources */,
				CE7C3B912810890A00B702C1 /* RegistrationViewController.swift in Sources */,
				CE7C3B6D2810597100B702C1 /* SceneDelegate.swift in Sources */,
				CED16C722819DFA600BA6D19 /* Alerts.swift in Sources */,
				CE7C3B8728105D4000B702C1 /* Appsettings.swift in Sources */,
			);
			runOnlyForDeploymentPostprocessing = 0;
		};
/* End PBXSourcesBuildPhase section */

/* Begin PBXVariantGroup section */
		CE7C3B752810597300B702C1 /* LaunchScreen.storyboard */ = {
			isa = PBXVariantGroup;
			children = (
				CE7C3B762810597300B702C1 /* Base */,
			);
			name = LaunchScreen.storyboard;
			sourceTree = "<group>";
		};
/* End PBXVariantGroup section */

/* Begin XCBuildConfiguration section */
		CE7C3B792810597300B702C1 /* Debug */ = {
			isa = XCBuildConfiguration;
			buildSettings = {
				ALWAYS_SEARCH_USER_PATHS = NO;
				CLANG_ANALYZER_NONNULL = YES;
				CLANG_ANALYZER_NUMBER_OBJECT_CONVERSION = YES_AGGRESSIVE;
				CLANG_CXX_LANGUAGE_STANDARD = "gnu++17";
				CLANG_ENABLE_MODULES = YES;
				CLANG_ENABLE_OBJC_ARC = YES;
				CLANG_ENABLE_OBJC_WEAK = YES;
				CLANG_WARN_BLOCK_CAPTURE_AUTORELEASING = YES;
				CLANG_WARN_BOOL_CONVERSION = YES;
				CLANG_WARN_COMMA = YES;
				CLANG_WARN_CONSTANT_CONVERSION = YES;
				CLANG_WARN_DEPRECATED_OBJC_IMPLEMENTATIONS = YES;
				CLANG_WARN_DIRECT_OBJC_ISA_USAGE = YES_ERROR;
				CLANG_WARN_DOCUMENTATION_COMMENTS = YES;
				CLANG_WARN_EMPTY_BODY = YES;
				CLANG_WARN_ENUM_CONVERSION = YES;
				CLANG_WARN_INFINITE_RECURSION = YES;
				CLANG_WARN_INT_CONVERSION = YES;
				CLANG_WARN_NON_LITERAL_NULL_CONVERSION = YES;
				CLANG_WARN_OBJC_IMPLICIT_RETAIN_SELF = YES;
				CLANG_WARN_OBJC_LITERAL_CONVERSION = YES;
				CLANG_WARN_OBJC_ROOT_CLASS = YES_ERROR;
				CLANG_WARN_QUOTED_INCLUDE_IN_FRAMEWORK_HEADER = YES;
				CLANG_WARN_RANGE_LOOP_ANALYSIS = YES;
				CLANG_WARN_STRICT_PROTOTYPES = YES;
				CLANG_WARN_SUSPICIOUS_MOVE = YES;
				CLANG_WARN_UNGUARDED_AVAILABILITY = YES_AGGRESSIVE;
				CLANG_WARN_UNREACHABLE_CODE = YES;
				CLANG_WARN__DUPLICATE_METHOD_MATCH = YES;
				COPY_PHASE_STRIP = NO;
				DEBUG_INFORMATION_FORMAT = dwarf;
				ENABLE_STRICT_OBJC_MSGSEND = YES;
				ENABLE_TESTABILITY = YES;
				GCC_C_LANGUAGE_STANDARD = gnu11;
				GCC_DYNAMIC_NO_PIC = NO;
				GCC_NO_COMMON_BLOCKS = YES;
				GCC_OPTIMIZATION_LEVEL = 0;
				GCC_PREPROCESSOR_DEFINITIONS = (
					"DEBUG=1",
					"$(inherited)",
				);
				GCC_WARN_64_TO_32_BIT_CONVERSION = YES;
				GCC_WARN_ABOUT_RETURN_TYPE = YES_ERROR;
				GCC_WARN_UNDECLARED_SELECTOR = YES;
				GCC_WARN_UNINITIALIZED_AUTOS = YES_AGGRESSIVE;
				GCC_WARN_UNUSED_FUNCTION = YES;
				GCC_WARN_UNUSED_VARIABLE = YES;
				IPHONEOS_DEPLOYMENT_TARGET = 15.4;
				MTL_ENABLE_DEBUG_INFO = INCLUDE_SOURCE;
				MTL_FAST_MATH = YES;
				ONLY_ACTIVE_ARCH = YES;
				SDKROOT = iphoneos;
				SWIFT_ACTIVE_COMPILATION_CONDITIONS = DEBUG;
				SWIFT_OPTIMIZATION_LEVEL = "-Onone";
			};
			name = Debug;
		};
		CE7C3B7A2810597300B702C1 /* Release */ = {
			isa = XCBuildConfiguration;
			buildSettings = {
				ALWAYS_SEARCH_USER_PATHS = NO;
				CLANG_ANALYZER_NONNULL = YES;
				CLANG_ANALYZER_NUMBER_OBJECT_CONVERSION = YES_AGGRESSIVE;
				CLANG_CXX_LANGUAGE_STANDARD = "gnu++17";
				CLANG_ENABLE_MODULES = YES;
				CLANG_ENABLE_OBJC_ARC = YES;
				CLANG_ENABLE_OBJC_WEAK = YES;
				CLANG_WARN_BLOCK_CAPTURE_AUTORELEASING = YES;
				CLANG_WARN_BOOL_CONVERSION = YES;
				CLANG_WARN_COMMA = YES;
				CLANG_WARN_CONSTANT_CONVERSION = YES;
				CLANG_WARN_DEPRECATED_OBJC_IMPLEMENTATIONS = YES;
				CLANG_WARN_DIRECT_OBJC_ISA_USAGE = YES_ERROR;
				CLANG_WARN_DOCUMENTATION_COMMENTS = YES;
				CLANG_WARN_EMPTY_BODY = YES;
				CLANG_WARN_ENUM_CONVERSION = YES;
				CLANG_WARN_INFINITE_RECURSION = YES;
				CLANG_WARN_INT_CONVERSION = YES;
				CLANG_WARN_NON_LITERAL_NULL_CONVERSION = YES;
				CLANG_WARN_OBJC_IMPLICIT_RETAIN_SELF = YES;
				CLANG_WARN_OBJC_LITERAL_CONVERSION = YES;
				CLANG_WARN_OBJC_ROOT_CLASS = YES_ERROR;
				CLANG_WARN_QUOTED_INCLUDE_IN_FRAMEWORK_HEADER = YES;
				CLANG_WARN_RANGE_LOOP_ANALYSIS = YES;
				CLANG_WARN_STRICT_PROTOTYPES = YES;
				CLANG_WARN_SUSPICIOUS_MOVE = YES;
				CLANG_WARN_UNGUARDED_AVAILABILITY = YES_AGGRESSIVE;
				CLANG_WARN_UNREACHABLE_CODE = YES;
				CLANG_WARN__DUPLICATE_METHOD_MATCH = YES;
				COPY_PHASE_STRIP = NO;
				DEBUG_INFORMATION_FORMAT = "dwarf-with-dsym";
				ENABLE_NS_ASSERTIONS = NO;
				ENABLE_STRICT_OBJC_MSGSEND = YES;
				GCC_C_LANGUAGE_STANDARD = gnu11;
				GCC_NO_COMMON_BLOCKS = YES;
				GCC_WARN_64_TO_32_BIT_CONVERSION = YES;
				GCC_WARN_ABOUT_RETURN_TYPE = YES_ERROR;
				GCC_WARN_UNDECLARED_SELECTOR = YES;
				GCC_WARN_UNINITIALIZED_AUTOS = YES_AGGRESSIVE;
				GCC_WARN_UNUSED_FUNCTION = YES;
				GCC_WARN_UNUSED_VARIABLE = YES;
				IPHONEOS_DEPLOYMENT_TARGET = 15.4;
				MTL_ENABLE_DEBUG_INFO = NO;
				MTL_FAST_MATH = YES;
				SDKROOT = iphoneos;
				SWIFT_COMPILATION_MODE = wholemodule;
				SWIFT_OPTIMIZATION_LEVEL = "-O";
				VALIDATE_PRODUCT = YES;
			};
			name = Release;
		};
		CE7C3B7C2810597300B702C1 /* Debug */ = {
			isa = XCBuildConfiguration;
			buildSettings = {
				ASSETCATALOG_COMPILER_APPICON_NAME = AppIcon;
				ASSETCATALOG_COMPILER_GLOBAL_ACCENT_COLOR_NAME = AccentColor;
				CODE_SIGN_IDENTITY = "Apple Development";
				CODE_SIGN_STYLE = Automatic;
				CURRENT_PROJECT_VERSION = 1;
				DEVELOPMENT_TEAM = 4543GKL842;
				GENERATE_INFOPLIST_FILE = YES;
				INFOPLIST_FILE = frags/Info.plist;
				INFOPLIST_KEY_NSMainNibFile = WelcomeView;
				INFOPLIST_KEY_UIApplicationSupportsIndirectInputEvents = YES;
				INFOPLIST_KEY_UILaunchStoryboardName = LaunchScreen;
				INFOPLIST_KEY_UISupportedInterfaceOrientations_iPad = "UIInterfaceOrientationPortrait UIInterfaceOrientationPortraitUpsideDown UIInterfaceOrientationLandscapeLeft UIInterfaceOrientationLandscapeRight";
				INFOPLIST_KEY_UISupportedInterfaceOrientations_iPhone = "UIInterfaceOrientationPortrait UIInterfaceOrientationLandscapeLeft UIInterfaceOrientationLandscapeRight";
				LD_RUNPATH_SEARCH_PATHS = (
					"$(inherited)",
					"@executable_path/Frameworks",
				);
				MARKETING_VERSION = 1.0;
				PRODUCT_BUNDLE_IDENTIFIER = jme.frags;
				PRODUCT_NAME = "$(TARGET_NAME)";
				PROVISIONING_PROFILE_SPECIFIER = "";
				SWIFT_EMIT_LOC_STRINGS = YES;
				SWIFT_VERSION = 5.0;
				TARGETED_DEVICE_FAMILY = 1;
			};
			name = Debug;
		};
		CE7C3B7D2810597300B702C1 /* Release */ = {
			isa = XCBuildConfiguration;
			buildSettings = {
				ASSETCATALOG_COMPILER_APPICON_NAME = AppIcon;
				ASSETCATALOG_COMPILER_GLOBAL_ACCENT_COLOR_NAME = AccentColor;
				CODE_SIGN_IDENTITY = "Apple Development";
				CODE_SIGN_STYLE = Automatic;
				CURRENT_PROJECT_VERSION = 1;
				DEVELOPMENT_TEAM = 4543GKL842;
				GENERATE_INFOPLIST_FILE = YES;
				INFOPLIST_FILE = frags/Info.plist;
				INFOPLIST_KEY_NSMainNibFile = WelcomeView;
				INFOPLIST_KEY_UIApplicationSupportsIndirectInputEvents = YES;
				INFOPLIST_KEY_UILaunchStoryboardName = LaunchScreen;
				INFOPLIST_KEY_UISupportedInterfaceOrientations_iPad = "UIInterfaceOrientationPortrait UIInterfaceOrientationPortraitUpsideDown UIInterfaceOrientationLandscapeLeft UIInterfaceOrientationLandscapeRight";
				INFOPLIST_KEY_UISupportedInterfaceOrientations_iPhone = "UIInterfaceOrientationPortrait UIInterfaceOrientationLandscapeLeft UIInterfaceOrientationLandscapeRight";
				LD_RUNPATH_SEARCH_PATHS = (
					"$(inherited)",
					"@executable_path/Frameworks",
				);
				MARKETING_VERSION = 1.0;
				PRODUCT_BUNDLE_IDENTIFIER = jme.frags;
				PRODUCT_NAME = "$(TARGET_NAME)";
				PROVISIONING_PROFILE_SPECIFIER = "";
				SWIFT_EMIT_LOC_STRINGS = YES;
				SWIFT_VERSION = 5.0;
				TARGETED_DEVICE_FAMILY = 1;
			};
			name = Release;
		};
/* End XCBuildConfiguration section */

/* Begin XCConfigurationList section */
		CE7C3B622810597100B702C1 /* Build configuration list for PBXProject "frags" */ = {
			isa = XCConfigurationList;
			buildConfigurations = (
				CE7C3B792810597300B702C1 /* Debug */,
				CE7C3B7A2810597300B702C1 /* Release */,
			);
			defaultConfigurationIsVisible = 0;
			defaultConfigurationName = Release;
		};
		CE7C3B7B2810597300B702C1 /* Build configuration list for PBXNativeTarget "frags" */ = {
			isa = XCConfigurationList;
			buildConfigurations = (
				CE7C3B7C2810597300B702C1 /* Debug */,
				CE7C3B7D2810597300B702C1 /* Release */,
			);
			defaultConfigurationIsVisible = 0;
			defaultConfigurationName = Release;
		};
/* End XCConfigurationList section */
	};
	rootObject = CE7C3B5F2810597100B702C1 /* Project object */;
}
